dependencies:
- name: argo-cd
  repository: https://argoproj.github.io/argo-helm
  version: 9.0.3
- name: cert-manager
  repository: https://charts.jetstack.io
  version: v1.19.1
- name: coredns
  repository: https://coredns.github.io/helm
  version: 1.45.0
- name: base
  repository: https://istio-release.storage.googleapis.com/charts
  version: 1.27.3
- name: istiod
  repository: https://istio-release.storage.googleapis.com/charts
  version: 1.27.3
- name: gateway
  repository: https://istio-release.storage.googleapis.com/charts
  version: 1.27.3
- name: metrics-server
  repository: https://kubernetes-sigs.github.io/metrics-server/
  version: 3.11.0
- name: openfaas
  repository: https://openfaas.github.io/faas-netes/
  version: 14.2.128
- name: pihole
  repository: https://mojo2600.github.io/pihole-kubernetes/
  version: 2.18.0
- name: traefik
  repository: https://traefik.github.io/charts
  version: 37.2.0
digest: sha256:8f3a20ebe727a5aaba2a9126913a14573efc90a625bfd891d10e4fc034cb6fda
generated: "2025-10-30T05:46:34.852878576Z"
