dependencies:
- name: argo-cd
  repository: https://argoproj.github.io/argo-helm
  version: 5.42.2
- name: cert-manager
  repository: https://charts.jetstack.io
  version: v1.11.0
- name: coredns
  repository: https://coredns.github.io/helm
  version: 1.24.5
- name: base
  repository: https://istio-release.storage.googleapis.com/charts
  version: 1.18.2
- name: istiod
  repository: https://istio-release.storage.googleapis.com/charts
  version: 1.18.2
- name: gateway
  repository: https://istio-release.storage.googleapis.com/charts
  version: 1.18.2
- name: metrics-server
  repository: https://kubernetes-sigs.github.io/metrics-server/
  version: 3.11.0
- name: openfaas
  repository: https://openfaas.github.io/faas-netes/
  version: 14.0.9
- name: pihole
  repository: https://mojo2600.github.io/pihole-kubernetes/
  version: 2.18.0
- name: traefik
  repository: https://traefik.github.io/charts
  version: 24.0.0
digest: sha256:76e19d13a03f6b4b5eba30a539f76c49c7c8a018401be1bd147acbfce0750eab
generated: "2025-10-30T05:09:35.211595088Z"
