dependencies:
- name: argo-cd
  repository: https://argoproj.github.io/argo-helm
  version: 5.42.2
- name: cert-manager
  repository: https://charts.jetstack.io
  version: v1.11.0
- name: coredns
  repository: https://coredns.github.io/helm
  version: 1.24.4
- name: base
  repository: https://istio-release.storage.googleapis.com/charts
  version: 1.18.2
- name: istiod
  repository: https://istio-release.storage.googleapis.com/charts
  version: 1.18.2
- name: gateway
  repository: https://istio-release.storage.googleapis.com/charts
  version: 1.18.2
- name: metrics-server
  repository: https://kubernetes-sigs.github.io/metrics-server/
  version: 3.11.0
- name: openfaas
  repository: https://openfaas.github.io/faas-netes/
  version: 14.0.9
- name: pihole
  repository: https://mojo2600.github.io/pihole-kubernetes/
  version: 2.18.0
- name: traefik
  repository: https://traefik.github.io/charts
  version: 24.0.0
digest: sha256:4b32e7fde9d8c3bccf9a6b2b49c39da62304f3688c900a5f2f6de9da7c700994
generated: "2025-10-30T00:02:14.379865-04:00"
